// !$*UTF8*$!
{
	archiveVersion = 1;
	classes = {
	};
	objectVersion = 50;
	objects = {

/* Begin PBXBuildFile section */
		6F2F2282238BFCF700BEEE0B /* Assets.xcassets in Resources */ = {isa = PBXBuildFile; fileRef = 6F2F2281238BFCF700BEEE0B /* Assets.xcassets */; };
		6F2F2325238BFE7700BEEE0B /* ViewController.swift in Sources */ = {isa = PBXBuildFile; fileRef = 6F2F2324238BFE7700BEEE0B /* ViewController.swift */; };
		6F2F2327238BFE8B00BEEE0B /* AppDelegate.swift in Sources */ = {isa = PBXBuildFile; fileRef = 6F2F2326238BFE8B00BEEE0B /* AppDelegate.swift */; };
		6F2F2331238BFEC200BEEE0B /* Main.storyboard in Resources */ = {isa = PBXBuildFile; fileRef = 6F2F232F238BFEC200BEEE0B /* Main.storyboard */; };
		6F2F2336238BFFD700BEEE0B /* Info.plist in Resources */ = {isa = PBXBuildFile; fileRef = 6F2F2335238BFFD700BEEE0B /* Info.plist */; };
/* End PBXBuildFile section */

/* Begin PBXFileReference section */
		6F2F227A238BFCF600BEEE0B /* MetalKit-Fractal.app */ = {isa = PBXFileReference; explicitFileType = wrapper.application; includeInIndex = 0; path = "MetalKit-Fractal.app"; sourceTree = BUILT_PRODUCTS_DIR; };
		6F2F2281238BFCF700BEEE0B /* Assets.xcassets */ = {isa = PBXFileReference; lastKnownFileType = folder.assetcatalog; path = Assets.xcassets; sourceTree = "<group>"; };
		6F2F2324238BFE7700BEEE0B /* ViewController.swift */ = {isa = PBXFileReference; fileEncoding = 4; lastKnownFileType = sourcecode.swift; name = ViewController.swift; path = ../ViewController.swift; sourceTree = "<group>"; };
		6F2F2326238BFE8B00BEEE0B /* AppDelegate.swift */ = {isa = PBXFileReference; fileEncoding = 4; lastKnownFileType = sourcecode.swift; path = AppDelegate.swift; sourceTree = "<group>"; };
		6F2F2330238BFEC200BEEE0B /* Base */ = {isa = PBXFileReference; lastKnownFileType = file.storyboard; name = Base; path = Base.lproj/Main.storyboard; sourceTree = "<group>"; };
		6F2F2334238BFFD000BEEE0B /* MetalKit_Fractal.entitlements */ = {isa = PBXFileReference; lastKnownFileType = text.plist.entitlements; path = MetalKit_Fractal.entitlements; sourceTree = "<group>"; };
		6F2F2335238BFFD700BEEE0B /* Info.plist */ = {isa = PBXFileReference; fileEncoding = 4; lastKnownFileType = text.plist.xml; path = Info.plist; sourceTree = "<group>"; };
/* End PBXFileReference section */

/* Begin PBXFrameworksBuildPhase section */
		6F2F2277238BFCF600BEEE0B /* Frameworks */ = {
			isa = PBXFrameworksBuildPhase;
			buildActionMask = 2147483647;
			files = (
			);
			runOnlyForDeploymentPostprocessing = 0;
		};
/* End PBXFrameworksBuildPhase section */

/* Begin PBXGroup section */
		6F2F2271238BFCF600BEEE0B = {
			isa = PBXGroup;
			children = (
				6F2F227C238BFCF600BEEE0B /* MetalKit-Fractal */,
				6F2F227B238BFCF600BEEE0B /* Products */,
			);
			sourceTree = "<group>";
		};
		6F2F227B238BFCF600BEEE0B /* Products */ = {
			isa = PBXGroup;
			children = (
				6F2F227A238BFCF600BEEE0B /* MetalKit-Fractal.app */,
			);
			name = Products;
			sourceTree = "<group>";
		};
		6F2F227C238BFCF600BEEE0B /* MetalKit-Fractal */ = {
			isa = PBXGroup;
			children = (
				6F2F228D238BFD9900BEEE0B /* Sources */,
				6F2F228E238BFDA600BEEE0B /* Resources */,
			);
			path = "MetalKit-Fractal";
			sourceTree = "<group>";
		};
		6F2F228D238BFD9900BEEE0B /* Sources */ = {
			isa = PBXGroup;
			children = (
				6F2F2326238BFE8B00BEEE0B /* AppDelegate.swift */,
				6F2F232F238BFEC200BEEE0B /* Main.storyboard */,
				6F2F2333238BFF0500BEEE0B /* Controllers */,
				6F2F2332238BFEED00BEEE0B /* Supporting Files */,
			);
			path = Sources;
			sourceTree = "<group>";
		};
		6F2F228E238BFDA600BEEE0B /* Resources */ = {
			isa = PBXGroup;
			children = (
				6F2F2281238BFCF700BEEE0B /* Assets.xcassets */,
			);
			path = Resources;
			sourceTree = "<group>";
		};
		6F2F2332238BFEED00BEEE0B /* Supporting Files */ = {
			isa = PBXGroup;
			children = (
				6F2F2334238BFFD000BEEE0B /* MetalKit_Fractal.entitlements */,
				6F2F2335238BFFD700BEEE0B /* Info.plist */,
			);
			path = "Supporting Files";
			sourceTree = "<group>";
		};
		6F2F2333238BFF0500BEEE0B /* Controllers */ = {
			isa = PBXGroup;
			children = (
				6F2F2324238BFE7700BEEE0B /* ViewController.swift */,
			);
			path = Controllers;
			sourceTree = "<group>";
		};
/* End PBXGroup section */

/* Begin PBXNativeTarget section */
		6F2F2279238BFCF600BEEE0B /* MetalKit-Fractal */ = {
			isa = PBXNativeTarget;
			buildConfigurationList = 6F2F228A238BFCF700BEEE0B /* Build configuration list for PBXNativeTarget "MetalKit-Fractal" */;
			buildPhases = (
				6F2F2276238BFCF600BEEE0B /* Sources */,
				6F2F2277238BFCF600BEEE0B /* Frameworks */,
				6F2F2278238BFCF600BEEE0B /* Resources */,
			);
			buildRules = (
			);
			dependencies = (
			);
			name = "MetalKit-Fractal";
			productName = "MetalKit-Fractal";
			productReference = 6F2F227A238BFCF600BEEE0B /* MetalKit-Fractal.app */;
			productType = "com.apple.product-type.application";
		};
/* End PBXNativeTarget section */

/* Begin PBXProject section */
		6F2F2272238BFCF600BEEE0B /* Project object */ = {
			isa = PBXProject;
			attributes = {
				LastSwiftUpdateCheck = 1110;
				LastUpgradeCheck = 1110;
				ORGANIZATIONNAME = "Yevhenii Peteliev";
				TargetAttributes = {
					6F2F2279238BFCF600BEEE0B = {
						CreatedOnToolsVersion = 11.1;
					};
				};
			};
			buildConfigurationList = 6F2F2275238BFCF600BEEE0B /* Build configuration list for PBXProject "MetalKit-Fractal" */;
			compatibilityVersion = "Xcode 9.3";
			developmentRegion = en;
			hasScannedForEncodings = 0;
			knownRegions = (
				en,
				Base,
			);
			mainGroup = 6F2F2271238BFCF600BEEE0B;
			productRefGroup = 6F2F227B238BFCF600BEEE0B /* Products */;
			projectDirPath = "";
			projectRoot = "";
			targets = (
				6F2F2279238BFCF600BEEE0B /* MetalKit-Fractal */,
			);
		};
/* End PBXProject section */

/* Begin PBXResourcesBuildPhase section */
		6F2F2278238BFCF600BEEE0B /* Resources */ = {
			isa = PBXResourcesBuildPhase;
			buildActionMask = 2147483647;
			files = (
				6F2F2331238BFEC200BEEE0B /* Main.storyboard in Resources */,
				6F2F2282238BFCF700BEEE0B /* Assets.xcassets in Resources */,
				6F2F2336238BFFD700BEEE0B /* Info.plist in Resources */,
			);
			runOnlyForDeploymentPostprocessing = 0;
		};
/* End PBXResourcesBuildPhase section */

/* Begin PBXSourcesBuildPhase section */
		6F2F2276238BFCF600BEEE0B /* Sources */ = {
			isa = PBXSourcesBuildPhase;
			buildActionMask = 2147483647;
			files = (
				6F2F2327238BFE8B00BEEE0B /* AppDelegate.swift in Sources */,
				6F2F2325238BFE7700BEEE0B /* ViewController.swift in Sources */,
			);
			runOnlyForDeploymentPostprocessing = 0;
		};
/* End PBXSourcesBuildPhase section */

/* Begin PBXVariantGroup section */
		6F2F232F238BFEC200BEEE0B /* Main.storyboard */ = {
			isa = PBXVariantGroup;
			children = (
				6F2F2330238BFEC200BEEE0B /* Base */,
			);
			name = Main.storyboard;
			sourceTree = "<group>";
		};
/* End PBXVariantGroup section */

/* Begin XCBuildConfiguration section */
		6F2F2288238BFCF700BEEE0B /* Debug */ = {
			isa = XCBuildConfiguration;
			buildSettings = {
				ALWAYS_SEARCH_USER_PATHS = NO;
				CLANG_ANALYZER_NONNULL = YES;
				CLANG_ANALYZER_NUMBER_OBJECT_CONVERSION = YES_AGGRESSIVE;
				CLANG_CXX_LANGUAGE_STANDARD = "gnu++14";
				CLANG_CXX_LIBRARY = "libc++";
				CLANG_ENABLE_MODULES = YES;
				CLANG_ENABLE_OBJC_ARC = YES;
				CLANG_ENABLE_OBJC_WEAK = YES;
				CLANG_WARN_BLOCK_CAPTURE_AUTORELEASING = YES;
				CLANG_WARN_BOOL_CONVERSION = YES;
				CLANG_WARN_COMMA = YES;
				CLANG_WARN_CONSTANT_CONVERSION = YES;
				CLANG_WARN_DEPRECATED_OBJC_IMPLEMENTATIONS = YES;
				CLANG_WARN_DIRECT_OBJC_ISA_USAGE = YES_ERROR;
				CLANG_WARN_DOCUMENTATION_COMMENTS = YES;
				CLANG_WARN_EMPTY_BODY = YES;
				CLANG_WARN_ENUM_CONVERSION = YES;
				CLANG_WARN_INFINITE_RECURSION = YES;
				CLANG_WARN_INT_CONVERSION = YES;
				CLANG_WARN_NON_LITERAL_NULL_CONVERSION = YES;
				CLANG_WARN_OBJC_IMPLICIT_RETAIN_SELF = YES;
				CLANG_WARN_OBJC_LITERAL_CONVERSION = YES;
				CLANG_WARN_OBJC_ROOT_CLASS = YES_ERROR;
				CLANG_WARN_RANGE_LOOP_ANALYSIS = YES;
				CLANG_WARN_STRICT_PROTOTYPES = YES;
				CLANG_WARN_SUSPICIOUS_MOVE = YES;
				CLANG_WARN_UNGUARDED_AVAILABILITY = YES_AGGRESSIVE;
				CLANG_WARN_UNREACHABLE_CODE = YES;
				CLANG_WARN__DUPLICATE_METHOD_MATCH = YES;
				COPY_PHASE_STRIP = NO;
				DEBUG_INFORMATION_FORMAT = dwarf;
				ENABLE_STRICT_OBJC_MSGSEND = YES;
				ENABLE_TESTABILITY = YES;
				GCC_C_LANGUAGE_STANDARD = gnu11;
				GCC_DYNAMIC_NO_PIC = NO;
				GCC_NO_COMMON_BLOCKS = YES;
				GCC_OPTIMIZATION_LEVEL = 0;
				GCC_PREPROCESSOR_DEFINITIONS = (
					"DEBUG=1",
					"$(inherited)",
				);
				GCC_WARN_64_TO_32_BIT_CONVERSION = YES;
				GCC_WARN_ABOUT_RETURN_TYPE = YES_ERROR;
				GCC_WARN_UNDECLARED_SELECTOR = YES;
				GCC_WARN_UNINITIALIZED_AUTOS = YES_AGGRESSIVE;
				GCC_WARN_UNUSED_FUNCTION = YES;
				GCC_WARN_UNUSED_VARIABLE = YES;
				MACOSX_DEPLOYMENT_TARGET = 10.15;
				MTL_ENABLE_DEBUG_INFO = INCLUDE_SOURCE;
				MTL_FAST_MATH = YES;
				ONLY_ACTIVE_ARCH = YES;
				SDKROOT = macosx;
				SWIFT_ACTIVE_COMPILATION_CONDITIONS = DEBUG;
				SWIFT_OPTIMIZATION_LEVEL = "-Onone";
			};
			name = Debug;
		};
		6F2F2289238BFCF700BEEE0B /* Release */ = {
			isa = XCBuildConfiguration;
			buildSettings = {
				ALWAYS_SEARCH_USER_PATHS = NO;
				CLANG_ANALYZER_NONNULL = YES;
				CLANG_ANALYZER_NUMBER_OBJECT_CONVERSION = YES_AGGRESSIVE;
				CLANG_CXX_LANGUAGE_STANDARD = "gnu++14";
				CLANG_CXX_LIBRARY = "libc++";
				CLANG_ENABLE_MODULES = YES;
				CLANG_ENABLE_OBJC_ARC = YES;
				CLANG_ENABLE_OBJC_WEAK = YES;
				CLANG_WARN_BLOCK_CAPTURE_AUTORELEASING = YES;
				CLANG_WARN_BOOL_CONVERSION = YES;
				CLANG_WARN_COMMA = YES;
				CLANG_WARN_CONSTANT_CONVERSION = YES;
				CLANG_WARN_DEPRECATED_OBJC_IMPLEMENTATIONS = YES;
				CLANG_WARN_DIRECT_OBJC_ISA_USAGE = YES_ERROR;
				CLANG_WARN_DOCUMENTATION_COMMENTS = YES;
				CLANG_WARN_EMPTY_BODY = YES;
				CLANG_WARN_ENUM_CONVERSION = YES;
				CLANG_WARN_INFINITE_RECURSION = YES;
				CLANG_WARN_INT_CONVERSION = YES;
				CLANG_WARN_NON_LITERAL_NULL_CONVERSION = YES;
				CLANG_WARN_OBJC_IMPLICIT_RETAIN_SELF = YES;
				CLANG_WARN_OBJC_LITERAL_CONVERSION = YES;
				CLANG_WARN_OBJC_ROOT_CLASS = YES_ERROR;
				CLANG_WARN_RANGE_LOOP_ANALYSIS = YES;
				CLANG_WARN_STRICT_PROTOTYPES = YES;
				CLANG_WARN_SUSPICIOUS_MOVE = YES;
				CLANG_WARN_UNGUARDED_AVAILABILITY = YES_AGGRESSIVE;
				CLANG_WARN_UNREACHABLE_CODE = YES;
				CLANG_WARN__DUPLICATE_METHOD_MATCH = YES;
				COPY_PHASE_STRIP = NO;
				DEBUG_INFORMATION_FORMAT = "dwarf-with-dsym";
				ENABLE_NS_ASSERTIONS = NO;
				ENABLE_STRICT_OBJC_MSGSEND = YES;
				GCC_C_LANGUAGE_STANDARD = gnu11;
				GCC_NO_COMMON_BLOCKS = YES;
				GCC_WARN_64_TO_32_BIT_CONVERSION = YES;
				GCC_WARN_ABOUT_RETURN_TYPE = YES_ERROR;
				GCC_WARN_UNDECLARED_SELECTOR = YES;
				GCC_WARN_UNINITIALIZED_AUTOS = YES_AGGRESSIVE;
				GCC_WARN_UNUSED_FUNCTION = YES;
				GCC_WARN_UNUSED_VARIABLE = YES;
				MACOSX_DEPLOYMENT_TARGET = 10.15;
				MTL_ENABLE_DEBUG_INFO = NO;
				MTL_FAST_MATH = YES;
				SDKROOT = macosx;
				SWIFT_COMPILATION_MODE = wholemodule;
				SWIFT_OPTIMIZATION_LEVEL = "-O";
			};
			name = Release;
		};
		6F2F228B238BFCF700BEEE0B /* Debug */ = {
			isa = XCBuildConfiguration;
			buildSettings = {
				ASSETCATALOG_COMPILER_APPICON_NAME = AppIcon;
				CODE_SIGN_ENTITLEMENTS = "MetalKit-Fractal/Sources/Supporting Files/MetalKit_Fractal.entitlements";
				CODE_SIGN_STYLE = Automatic;
				COMBINE_HIDPI_IMAGES = YES;
				DEVELOPMENT_TEAM = Q7G6BLSVJ2;
				ENABLE_HARDENED_RUNTIME = YES;
				INFOPLIST_FILE = "MetalKit-Fractal/Sources/Supporting Files/Info.plist";
				LD_RUNPATH_SEARCH_PATHS = (
					"$(inherited)",
					"@executable_path/../Frameworks",
				);
				PRODUCT_BUNDLE_IDENTIFIER = "com.peteliev.MetalKit-Fractal";
				PRODUCT_NAME = "$(TARGET_NAME)";
				SWIFT_VERSION = 5.0;
			};
			name = Debug;
		};
		6F2F228C238BFCF700BEEE0B /* Release */ = {
			isa = XCBuildConfiguration;
			buildSettings = {
				ASSETCATALOG_COMPILER_APPICON_NAME = AppIcon;
				CODE_SIGN_ENTITLEMENTS = "MetalKit-Fractal/Sources/Supporting Files/MetalKit_Fractal.entitlements";
				CODE_SIGN_STYLE = Automatic;
				COMBINE_HIDPI_IMAGES = YES;
				DEVELOPMENT_TEAM = Q7G6BLSVJ2;
				ENABLE_HARDENED_RUNTIME = YES;
				INFOPLIST_FILE = "MetalKit-Fractal/Sources/Supporting Files/Info.plist";
				LD_RUNPATH_SEARCH_PATHS = (
					"$(inherited)",
					"@executable_path/../Frameworks",
				);
				PRODUCT_BUNDLE_IDENTIFIER = "com.peteliev.MetalKit-Fractal";
				PRODUCT_NAME = "$(TARGET_NAME)";
				SWIFT_VERSION = 5.0;
			};
			name = Release;
		};
/* End XCBuildConfiguration section */

/* Begin XCConfigurationList section */
		6F2F2275238BFCF600BEEE0B /* Build configuration list for PBXProject "MetalKit-Fractal" */ = {
			isa = XCConfigurationList;
			buildConfigurations = (
				6F2F2288238BFCF700BEEE0B /* Debug */,
				6F2F2289238BFCF700BEEE0B /* Release */,
			);
			defaultConfigurationIsVisible = 0;
			defaultConfigurationName = Release;
		};
		6F2F228A238BFCF700BEEE0B /* Build configuration list for PBXNativeTarget "MetalKit-Fractal" */ = {
			isa = XCConfigurationList;
			buildConfigurations = (
				6F2F228B238BFCF700BEEE0B /* Debug */,
				6F2F228C238BFCF700BEEE0B /* Release */,
			);
			defaultConfigurationIsVisible = 0;
			defaultConfigurationName = Release;
		};
/* End XCConfigurationList section */
	};
	rootObject = 6F2F2272238BFCF600BEEE0B /* Project object */;
}
